hash: 1593dd876d6f8920588727465af3b4d73ab5d77b69fb5b2aac283fc4f5faff9c
updated: 2017-07-23T19:27:30.24689945+03:00
imports:
- name: github.com/gin-contrib/sse
  version: 22d885f9ecc78bf4ee5d72b937e4bbcdc58e8cae
- name: github.com/gin-gonic/contrib
  version: d4fc5a96cc0d29cb0e862bb1312dd6f4fedfcaee
  subpackages:
  - ginrus
- name: github.com/gin-gonic/gin
  version: d459835d2b077e44f7c9b453505ee29881d5d12d
  subpackages:
  - binding
  - render
- name: github.com/go-sql-driver/mysql
  version: 3955978caca48c1658a4bb7a9c6a0f084e326af3
- name: github.com/golang/protobuf
  version: 0a4f71a498b7c4812f64969510bcb4eca251e33a
  subpackages:
  - proto
- name: github.com/jinzhu/gorm
  version: 5b8c0dd6b92d9caa8036c31dcb117f2df7cceefa
  subpackages:
  - dialects/mysql
- name: github.com/jinzhu/inflection
  version: 1c35d901db3da928c72a72d8458480cc9ade058f
- name: github.com/mattn/go-isatty
  version: fc9e8d8ef48496124e79ae0df75490096eccf6fe
- name: github.com/Sirupsen/logrus
  version: a3f95b5c423586578a4e099b11a46c2479628cac
- name: github.com/ufukomer/go-boilerplate
  version: ea3e85cee4e12bd7582adc1ff1cf4cd5604d9757
  subpackages:
  - handler
  - model
  - router
  - router/middleware
  - store
  - store/datastore
- name: github.com/ugorji/go
  version: 5efa3251c7f7d05e5d9704a69a984ec9f1386a40
  subpackages:
  - codec
- name: github.com/urfave/cli
  version: 4b90d79a682b4bf685762c7452db20f2a676ecb2
- name: golang.org/x/crypto
  version: 6914964337150723782436d56b3f21610a74ce7b
  subpackages:
  - acme/autocert
  - bcrypt
- name: golang.org/x/net
  version: ab5485076ff3407ad2d02db054635913f017b0ed
  subpackages:
  - context
- name: golang.org/x/sys
  version: c4489faa6e5ab84c0ef40d6ee878f7a030281f0f
  subpackages:
  - unix
- name: gopkg.in/go-playground/validator.v8
  version: 5f57d2222ad794d0dffb07e664ea05e2ee07d60c
- name: gopkg.in/yaml.v2
  version: 25c4ec802a7d637f88d584ab26798e94ad14c13b
testImports: []
